
Microsoft Visual Studio Solution File, Format Version 12.00
# Visual Studio Version 17
VisualStudioVersion = 17.4.33213.308
MinimumVisualStudioVersion = 10.0.40219.1
Project("{FAE04EC0-301F-11D3-BF4B-00C04F79EFBC}") = "SalesWebCafeteria", "SalesWebCafeteria\SalesWebCafeteria.csproj", "{2A5CE28F-44A9-4A29-84C5-927028A59F17}"
EndProject
Global
	GlobalSection(SolutionConfigurationPlatforms) = preSolution
		Debug|Any CPU = Debug|Any CPU
		Release|Any CPU = Release|Any CPU
	EndGlobalSection
	GlobalSection(ProjectConfigurationPlatforms) = postSolution
		{2A5CE28F-44A9-4A29-84C5-927028A59F17}.Debug|Any CPU.ActiveCfg = Debug|Any CPU
		{2A5CE28F-44A9-4A29-84C5-927028A59F17}.Debug|Any CPU.Build.0 = Debug|Any CPU
		{2A5CE28F-44A9-4A29-84C5-927028A59F17}.Release|Any CPU.ActiveCfg = Release|Any CPU
		{2A5CE28F-44A9-4A29-84C5-927028A59F17}.Release|Any CPU.Build.0 = Release|Any CPU
	EndGlobalSection
	GlobalSection(SolutionProperties) = preSolution
		HideSolutionNode = FALSE
	EndGlobalSection
	GlobalSection(ExtensibilityGlobals) = postSolution
		SolutionGuid = {4DB88E6E-2C65-4A3F-9D32-908DAD237A33}
	EndGlobalSection
EndGlobal
